
Microsoft Visual Studio Solution File, Format Version 12.00
# Visual Studio Version 17
VisualStudioVersion = 17.3.32901.215
MinimumVisualStudioVersion = 10.0.40219.1
Project("{FAE04EC0-301F-11D3-BF4B-00C04F79EFBC}") = "KeyAuthServerEmulator", "KeyAuthServerEmulator\KeyAuthServerEmulator.csproj", "{C1825E96-91F5-4AC7-AEBF-BAD35B314A14}"
EndProject
Global
	GlobalSection(SolutionConfigurationPlatforms) = preSolution
		Debug|Any CPU = Debug|Any CPU
		Release|Any CPU = Release|Any CPU
	EndGlobalSection
	GlobalSection(ProjectConfigurationPlatforms) = postSolution
		{C1825E96-91F5-4AC7-AEBF-BAD35B314A14}.Debug|Any CPU.ActiveCfg = Debug|Any CPU
		{C1825E96-91F5-4AC7-AEBF-BAD35B314A14}.Debug|Any CPU.Build.0 = Debug|Any CPU
		{C1825E96-91F5-4AC7-AEBF-BAD35B314A14}.Release|Any CPU.ActiveCfg = Release|Any CPU
		{C1825E96-91F5-4AC7-AEBF-BAD35B314A14}.Release|Any CPU.Build.0 = Release|Any CPU
	EndGlobalSection
	GlobalSection(SolutionProperties) = preSolution
		HideSolutionNode = FALSE
	EndGlobalSection
	GlobalSection(ExtensibilityGlobals) = postSolution
		SolutionGuid = {0A5AAA5D-A6A8-4E64-8B33-B267BAC30A70}
	EndGlobalSection
EndGlobal
